<?xml version="1.0" encoding="utf-8"?>
<Project ToolsVersion="4.0" xmlns="http://schemas.microsoft.com/developer/msbuild/2003">
  <ItemGroup>
    <Filter Include="Source Files">
      <UniqueIdentifier>{4FC737F1-C7A5-4376-A066-2A32D752A2FF}</UniqueIdentifier>
      <Extensions>cpp;c;cc;cxx;def;odl;idl;hpj;bat;asm;asmx</Extensions>
    </Filter>
    <Filter Include="Header Files">
      <UniqueIdentifier>{93995380-89BD-4b04-88EB-625FBE52EBFB}</UniqueIdentifier>
      <Extensions>h;hh;hpp;hxx;hm;inl;inc;xsd</Extensions>
    </Filter>
    <Filter Include="Resource Files">
      <UniqueIdentifier>{67DA6AB6-F800-4c08-8B7A-83BB121AAD01}</UniqueIdentifier>
      <Extensions>rc;ico;cur;bmp;dlg;rc2;rct;bin;rgs;gif;jpg;jpeg;jpe;resx;tiff;tif;png;wav;mfcribbon-ms</Extensions>
    </Filter>
    <Filter Include="Source Files\DX">
      <UniqueIdentifier>{400b36fe-1076-41ea-9c9e-198553e62e29}</UniqueIdentifier>
    </Filter>
    <Filter Include="Header Files\DX">
      <UniqueIdentifier>{d15f82c6-8f9d-42da-94df-08a7f9c1bd27}</UniqueIdentifier>
    </Filter>
    <Filter Include="Shaders">
      <UniqueIdentifier>{c18fc4cb-207a-42af-a5c8-cd5b303728f6}</UniqueIdentifier>
    </Filter>
    <Filter Include="Header Files\Types">
      <UniqueIdentifier>{c1e19fa6-326c-44e6-b092-637128e69b31}</UniqueIdentifier>
    </Filter>
    <Filter Include="Header Files\Scene">
      <UniqueIdentifier>{960d0721-3cb4-434f-8a30-02c70ae7b8f1}</UniqueIdentifier>
    </Filter>
    <Filter Include="Source Files\Scene">
      <UniqueIdentifier>{5e4f7eac-829b-4305-956a-f4eabcbd028f}</UniqueIdentifier>
    </Filter>
    <Filter Include="Source Files\Types">
      <UniqueIdentifier>{0a193daa-70fc-408d-8df9-df2263104bce}</UniqueIdentifier>
    </Filter>
  </ItemGroup>
  <ItemGroup>
    <ClInclude Include="stdafx.h">
      <Filter>Header Files</Filter>
    </ClInclude>
    <ClInclude Include="DX\GfxBuffers.h">
      <Filter>Header Files\DX</Filter>
    </ClInclude>
    <ClInclude Include="DX\GfxDevice.h">
      <Filter>Header Files\DX</Filter>
    </ClInclude>
    <ClInclude Include="DX\GfxModel.h">
      <Filter>Header Files\DX</Filter>
    </ClInclude>
    <ClInclude Include="DX\GfxPixelShader.h">
      <Filter>Header Files\DX</Filter>
    </ClInclude>
    <ClInclude Include="DX\GfxShader.h">
      <Filter>Header Files\DX</Filter>
    </ClInclude>
    <ClInclude Include="DX\GfxTexture.h">
      <Filter>Header Files\DX</Filter>
    </ClInclude>
    <ClInclude Include="DX\GfxVertexShader.h">
      <Filter>Header Files\DX</Filter>
    </ClInclude>
    <ClInclude Include="Types\DataStructs.h">
      <Filter>Header Files\Types</Filter>
    </ClInclude>
    <ClInclude Include="Scene\UIScene.h">
      <Filter>Header Files\Scene</Filter>
    </ClInclude>
    <ClInclude Include="Scene\Model.h">
      <Filter>Header Files\Scene</Filter>
    </ClInclude>
    <ClInclude Include="Types\VTypes.h">
      <Filter>Header Files\Types</Filter>
    </ClInclude>
    <ClInclude Include="RenderDevice.h">
      <Filter>Header Files</Filter>
    </ClInclude>
    <ClInclude Include="Types\VArray.h">
      <Filter>Header Files\Types</Filter>
    </ClInclude>
    <ClInclude Include="Types\RenderTypes.h">
      <Filter>Header Files\Types</Filter>
    </ClInclude>
  </ItemGroup>
  <ItemGroup>
    <ClCompile Include="stdafx.cpp">
      <Filter>Source Files</Filter>
    </ClCompile>
    <ClCompile Include="main.cpp">
      <Filter>Source Files</Filter>
    </ClCompile>
    <ClCompile Include="DX\GfxBuffers.cpp">
      <Filter>Source Files\DX</Filter>
    </ClCompile>
    <ClCompile Include="DX\GfxDevice.cpp">
      <Filter>Source Files\DX</Filter>
    </ClCompile>
    <ClCompile Include="DX\GfxModel.cpp">
      <Filter>Source Files\DX</Filter>
    </ClCompile>
    <ClCompile Include="DX\GfxPixelShader.cpp">
      <Filter>Source Files\DX</Filter>
    </ClCompile>
    <ClCompile Include="DX\GfxShader.cpp">
      <Filter>Source Files\DX</Filter>
    </ClCompile>
    <ClCompile Include="DX\GfxTexture.cpp">
      <Filter>Source Files\DX</Filter>
    </ClCompile>
    <ClCompile Include="DX\GfxVertexShader.cpp">
      <Filter>Source Files\DX</Filter>
    </ClCompile>
    <ClCompile Include="Scene\UIScene.cpp">
      <Filter>Source Files\Scene</Filter>
    </ClCompile>
    <ClCompile Include="Scene\Model.cpp">
      <Filter>Source Files\Scene</Filter>
    </ClCompile>
    <ClCompile Include="RenderDevice.cpp">
      <Filter>Source Files</Filter>
    </ClCompile>
    <ClCompile Include="Types\Types.cpp">
      <Filter>Source Files\Types</Filter>
    </ClCompile>
  </ItemGroup>
  <ItemGroup>
    <FxCompile Include="Shaders\Shaders.fx">
      <Filter>Shaders</Filter>
    </FxCompile>
  </ItemGroup>
</Project>